
Microsoft Visual Studio Solution File, Format Version 12.00
# Visual Studio 2012
VisualStudioVersion = 12.0.31101.0
MinimumVisualStudioVersion = 10.0.40219.1
Project("{2150E333-8FDC-42A3-9474-1A3956D46DE8}") = "Platforms", "Platforms", "{59584026-7610-4CD5-A74E-D2B0A2E1CE87}"
EndProject
Project("{FAE04EC0-301F-11D3-BF4B-00C04F79EFBC}") = "KeyChain.Net.XamarinIOS", "src\KeyChain.Net.XamarinIOS\KeyChain.Net.XamarinIOS.csproj", "{89AC4D01-C747-4BE0-8579-D54D11A712DA}"
EndProject
Project("{FAE04EC0-301F-11D3-BF4B-00C04F79EFBC}") = "KeyChain.Net.XamarinAndroid", "src\KeyChain.Net.XamarinAndroid\KeyChain.Net.XamarinAndroid.csproj", "{5C7EFE40-BB10-4EC8-A4FC-6D5944413F9F}"
EndProject
Project("{2150E333-8FDC-42A3-9474-1A3956D46DE8}") = "Tests", "Tests", "{0C4021EF-617B-4620-ADD3-A702B4F9FA86}"
EndProject
Project("{FAE04EC0-301F-11D3-BF4B-00C04F79EFBC}") = "KeyChain.Net.Tests.XamarinAndroid", "tests\KeyChain.Net.Tests.XamarinAndroid\KeyChain.Net.Tests.XamarinAndroid.csproj", "{2DE7927C-D3D2-4D64-94D5-3BA32C127881}"
EndProject
Project("{FAE04EC0-301F-11D3-BF4B-00C04F79EFBC}") = "KeyChainNetXamarinIOS.Tests", "tests\KeyChain.Net.Tests.XamarinIOS\KeyChainNetXamarinIOS.Tests.csproj", "{882851CD-032A-4EB3-AF8D-96D658F9DF19}"
EndProject
Project("{2150E333-8FDC-42A3-9474-1A3956D46DE8}") = "Examples", "Examples", "{49C7015B-F41A-47A6-8200-B925902E74E9}"
EndProject
Project("{2150E333-8FDC-42A3-9474-1A3956D46DE8}") = ".nuget", ".nuget", "{5BD976ED-6E22-44A3-A5A1-D6C6633BAADD}"
	ProjectSection(SolutionItems) = preProject
		.nuget\NuGet.Config = .nuget\NuGet.Config
		.nuget\NuGet.exe = .nuget\NuGet.exe
		.nuget\NuGet.targets = .nuget\NuGet.targets
	EndProjectSection
EndProject
Project("{FAE04EC0-301F-11D3-BF4B-00C04F79EFBC}") = "KeyChain.Net", "src\KeyChain.Net\KeyChain.Net.csproj", "{318A4872-5766-490B-89AF-5654D203D65D}"
EndProject
Global
	GlobalSection(SolutionConfigurationPlatforms) = preSolution
		Ad-Hoc|Any CPU = Ad-Hoc|Any CPU
		Ad-Hoc|ARM = Ad-Hoc|ARM
		Ad-Hoc|iPhone = Ad-Hoc|iPhone
		Ad-Hoc|iPhoneSimulator = Ad-Hoc|iPhoneSimulator
		Ad-Hoc|Mixed Platforms = Ad-Hoc|Mixed Platforms
		Ad-Hoc|x64 = Ad-Hoc|x64
		Ad-Hoc|x86 = Ad-Hoc|x86
		AppStore|Any CPU = AppStore|Any CPU
		AppStore|ARM = AppStore|ARM
		AppStore|iPhone = AppStore|iPhone
		AppStore|iPhoneSimulator = AppStore|iPhoneSimulator
		AppStore|Mixed Platforms = AppStore|Mixed Platforms
		AppStore|x64 = AppStore|x64
		AppStore|x86 = AppStore|x86
		Debug|Any CPU = Debug|Any CPU
		Debug|ARM = Debug|ARM
		Debug|iPhone = Debug|iPhone
		Debug|iPhoneSimulator = Debug|iPhoneSimulator
		Debug|Mixed Platforms = Debug|Mixed Platforms
		Debug|x64 = Debug|x64
		Debug|x86 = Debug|x86
		Release|Any CPU = Release|Any CPU
		Release|ARM = Release|ARM
		Release|iPhone = Release|iPhone
		Release|iPhoneSimulator = Release|iPhoneSimulator
		Release|Mixed Platforms = Release|Mixed Platforms
		Release|x64 = Release|x64
		Release|x86 = Release|x86
	EndGlobalSection
	GlobalSection(ProjectConfigurationPlatforms) = postSolution
		{2DE7927C-D3D2-4D64-94D5-3BA32C127881}.Ad-Hoc|Any CPU.ActiveCfg = Release|Any CPU
		{2DE7927C-D3D2-4D64-94D5-3BA32C127881}.Ad-Hoc|Any CPU.Build.0 = Release|Any CPU
		{2DE7927C-D3D2-4D64-94D5-3BA32C127881}.Ad-Hoc|ARM.ActiveCfg = Release|Any CPU
		{2DE7927C-D3D2-4D64-94D5-3BA32C127881}.Ad-Hoc|ARM.Build.0 = Release|Any CPU
		{2DE7927C-D3D2-4D64-94D5-3BA32C127881}.Ad-Hoc|iPhone.ActiveCfg = Release|Any CPU
		{2DE7927C-D3D2-4D64-94D5-3BA32C127881}.Ad-Hoc|iPhone.Build.0 = Release|Any CPU
		{2DE7927C-D3D2-4D64-94D5-3BA32C127881}.Ad-Hoc|iPhoneSimulator.ActiveCfg = Release|Any CPU
		{2DE7927C-D3D2-4D64-94D5-3BA32C127881}.Ad-Hoc|iPhoneSimulator.Build.0 = Release|Any CPU
		{2DE7927C-D3D2-4D64-94D5-3BA32C127881}.Ad-Hoc|Mixed Platforms.ActiveCfg = Release|Any CPU
		{2DE7927C-D3D2-4D64-94D5-3BA32C127881}.Ad-Hoc|Mixed Platforms.Build.0 = Release|Any CPU
		{2DE7927C-D3D2-4D64-94D5-3BA32C127881}.Ad-Hoc|x64.ActiveCfg = Release|Any CPU
		{2DE7927C-D3D2-4D64-94D5-3BA32C127881}.Ad-Hoc|x64.Build.0 = Release|Any CPU
		{2DE7927C-D3D2-4D64-94D5-3BA32C127881}.Ad-Hoc|x86.ActiveCfg = Release|Any CPU
		{2DE7927C-D3D2-4D64-94D5-3BA32C127881}.Ad-Hoc|x86.Build.0 = Release|Any CPU
		{2DE7927C-D3D2-4D64-94D5-3BA32C127881}.AppStore|Any CPU.ActiveCfg = Release|Any CPU
		{2DE7927C-D3D2-4D64-94D5-3BA32C127881}.AppStore|Any CPU.Build.0 = Release|Any CPU
		{2DE7927C-D3D2-4D64-94D5-3BA32C127881}.AppStore|ARM.ActiveCfg = Release|Any CPU
		{2DE7927C-D3D2-4D64-94D5-3BA32C127881}.AppStore|ARM.Build.0 = Release|Any CPU
		{2DE7927C-D3D2-4D64-94D5-3BA32C127881}.AppStore|iPhone.ActiveCfg = Release|Any CPU
		{2DE7927C-D3D2-4D64-94D5-3BA32C127881}.AppStore|iPhone.Build.0 = Release|Any CPU
		{2DE7927C-D3D2-4D64-94D5-3BA32C127881}.AppStore|iPhoneSimulator.ActiveCfg = Release|Any CPU
		{2DE7927C-D3D2-4D64-94D5-3BA32C127881}.AppStore|iPhoneSimulator.Build.0 = Release|Any CPU
		{2DE7927C-D3D2-4D64-94D5-3BA32C127881}.AppStore|Mixed Platforms.ActiveCfg = Release|Any CPU
		{2DE7927C-D3D2-4D64-94D5-3BA32C127881}.AppStore|Mixed Platforms.Build.0 = Release|Any CPU
		{2DE7927C-D3D2-4D64-94D5-3BA32C127881}.AppStore|x64.ActiveCfg = Release|Any CPU
		{2DE7927C-D3D2-4D64-94D5-3BA32C127881}.AppStore|x64.Build.0 = Release|Any CPU
		{2DE7927C-D3D2-4D64-94D5-3BA32C127881}.AppStore|x86.ActiveCfg = Release|Any CPU
		{2DE7927C-D3D2-4D64-94D5-3BA32C127881}.AppStore|x86.Build.0 = Release|Any CPU
		{2DE7927C-D3D2-4D64-94D5-3BA32C127881}.Debug|Any CPU.ActiveCfg = Debug|Any CPU
		{2DE7927C-D3D2-4D64-94D5-3BA32C127881}.Debug|Any CPU.Build.0 = Debug|Any CPU
		{2DE7927C-D3D2-4D64-94D5-3BA32C127881}.Debug|Any CPU.Deploy.0 = Debug|Any CPU
		{2DE7927C-D3D2-4D64-94D5-3BA32C127881}.Debug|ARM.ActiveCfg = Debug|Any CPU
		{2DE7927C-D3D2-4D64-94D5-3BA32C127881}.Debug|ARM.Build.0 = Debug|Any CPU
		{2DE7927C-D3D2-4D64-94D5-3BA32C127881}.Debug|iPhone.ActiveCfg = Debug|Any CPU
		{2DE7927C-D3D2-4D64-94D5-3BA32C127881}.Debug|iPhone.Build.0 = Debug|Any CPU
		{2DE7927C-D3D2-4D64-94D5-3BA32C127881}.Debug|iPhoneSimulator.ActiveCfg = Debug|Any CPU
		{2DE7927C-D3D2-4D64-94D5-3BA32C127881}.Debug|iPhoneSimulator.Build.0 = Debug|Any CPU
		{2DE7927C-D3D2-4D64-94D5-3BA32C127881}.Debug|Mixed Platforms.ActiveCfg = Debug|Any CPU
		{2DE7927C-D3D2-4D64-94D5-3BA32C127881}.Debug|Mixed Platforms.Build.0 = Debug|Any CPU
		{2DE7927C-D3D2-4D64-94D5-3BA32C127881}.Debug|x64.ActiveCfg = Debug|Any CPU
		{2DE7927C-D3D2-4D64-94D5-3BA32C127881}.Debug|x64.Build.0 = Debug|Any CPU
		{2DE7927C-D3D2-4D64-94D5-3BA32C127881}.Debug|x86.ActiveCfg = Debug|Any CPU
		{2DE7927C-D3D2-4D64-94D5-3BA32C127881}.Debug|x86.Build.0 = Debug|Any CPU
		{2DE7927C-D3D2-4D64-94D5-3BA32C127881}.Release|Any CPU.ActiveCfg = Release|Any CPU
		{2DE7927C-D3D2-4D64-94D5-3BA32C127881}.Release|Any CPU.Build.0 = Release|Any CPU
		{2DE7927C-D3D2-4D64-94D5-3BA32C127881}.Release|ARM.ActiveCfg = Release|Any CPU
		{2DE7927C-D3D2-4D64-94D5-3BA32C127881}.Release|ARM.Build.0 = Release|Any CPU
		{2DE7927C-D3D2-4D64-94D5-3BA32C127881}.Release|iPhone.ActiveCfg = Release|Any CPU
		{2DE7927C-D3D2-4D64-94D5-3BA32C127881}.Release|iPhone.Build.0 = Release|Any CPU
		{2DE7927C-D3D2-4D64-94D5-3BA32C127881}.Release|iPhoneSimulator.ActiveCfg = Release|Any CPU
		{2DE7927C-D3D2-4D64-94D5-3BA32C127881}.Release|iPhoneSimulator.Build.0 = Release|Any CPU
		{2DE7927C-D3D2-4D64-94D5-3BA32C127881}.Release|Mixed Platforms.ActiveCfg = Release|Any CPU
		{2DE7927C-D3D2-4D64-94D5-3BA32C127881}.Release|Mixed Platforms.Build.0 = Release|Any CPU
		{2DE7927C-D3D2-4D64-94D5-3BA32C127881}.Release|x64.ActiveCfg = Release|Any CPU
		{2DE7927C-D3D2-4D64-94D5-3BA32C127881}.Release|x64.Build.0 = Release|Any CPU
		{2DE7927C-D3D2-4D64-94D5-3BA32C127881}.Release|x86.ActiveCfg = Release|Any CPU
		{2DE7927C-D3D2-4D64-94D5-3BA32C127881}.Release|x86.Build.0 = Release|Any CPU
		{318A4872-5766-490B-89AF-5654D203D65D}.Ad-Hoc|Any CPU.ActiveCfg = Release|Any CPU
		{318A4872-5766-490B-89AF-5654D203D65D}.Ad-Hoc|Any CPU.Build.0 = Release|Any CPU
		{318A4872-5766-490B-89AF-5654D203D65D}.Ad-Hoc|ARM.ActiveCfg = Release|Any CPU
		{318A4872-5766-490B-89AF-5654D203D65D}.Ad-Hoc|ARM.Build.0 = Release|Any CPU
		{318A4872-5766-490B-89AF-5654D203D65D}.Ad-Hoc|iPhone.ActiveCfg = Release|Any CPU
		{318A4872-5766-490B-89AF-5654D203D65D}.Ad-Hoc|iPhone.Build.0 = Release|Any CPU
		{318A4872-5766-490B-89AF-5654D203D65D}.Ad-Hoc|iPhoneSimulator.ActiveCfg = Release|Any CPU
		{318A4872-5766-490B-89AF-5654D203D65D}.Ad-Hoc|iPhoneSimulator.Build.0 = Release|Any CPU
		{318A4872-5766-490B-89AF-5654D203D65D}.Ad-Hoc|Mixed Platforms.ActiveCfg = Release|Any CPU
		{318A4872-5766-490B-89AF-5654D203D65D}.Ad-Hoc|Mixed Platforms.Build.0 = Release|Any CPU
		{318A4872-5766-490B-89AF-5654D203D65D}.Ad-Hoc|x64.ActiveCfg = Release|Any CPU
		{318A4872-5766-490B-89AF-5654D203D65D}.Ad-Hoc|x64.Build.0 = Release|Any CPU
		{318A4872-5766-490B-89AF-5654D203D65D}.Ad-Hoc|x86.ActiveCfg = Release|Any CPU
		{318A4872-5766-490B-89AF-5654D203D65D}.Ad-Hoc|x86.Build.0 = Release|Any CPU
		{318A4872-5766-490B-89AF-5654D203D65D}.AppStore|Any CPU.ActiveCfg = Release|Any CPU
		{318A4872-5766-490B-89AF-5654D203D65D}.AppStore|Any CPU.Build.0 = Release|Any CPU
		{318A4872-5766-490B-89AF-5654D203D65D}.AppStore|ARM.ActiveCfg = Release|Any CPU
		{318A4872-5766-490B-89AF-5654D203D65D}.AppStore|ARM.Build.0 = Release|Any CPU
		{318A4872-5766-490B-89AF-5654D203D65D}.AppStore|iPhone.ActiveCfg = Release|Any CPU
		{318A4872-5766-490B-89AF-5654D203D65D}.AppStore|iPhone.Build.0 = Release|Any CPU
		{318A4872-5766-490B-89AF-5654D203D65D}.AppStore|iPhoneSimulator.ActiveCfg = Release|Any CPU
		{318A4872-5766-490B-89AF-5654D203D65D}.AppStore|iPhoneSimulator.Build.0 = Release|Any CPU
		{318A4872-5766-490B-89AF-5654D203D65D}.AppStore|Mixed Platforms.ActiveCfg = Release|Any CPU
		{318A4872-5766-490B-89AF-5654D203D65D}.AppStore|Mixed Platforms.Build.0 = Release|Any CPU
		{318A4872-5766-490B-89AF-5654D203D65D}.AppStore|x64.ActiveCfg = Release|Any CPU
		{318A4872-5766-490B-89AF-5654D203D65D}.AppStore|x64.Build.0 = Release|Any CPU
		{318A4872-5766-490B-89AF-5654D203D65D}.AppStore|x86.ActiveCfg = Release|Any CPU
		{318A4872-5766-490B-89AF-5654D203D65D}.AppStore|x86.Build.0 = Release|Any CPU
		{318A4872-5766-490B-89AF-5654D203D65D}.Debug|Any CPU.ActiveCfg = Debug|Any CPU
		{318A4872-5766-490B-89AF-5654D203D65D}.Debug|Any CPU.Build.0 = Debug|Any CPU
		{318A4872-5766-490B-89AF-5654D203D65D}.Debug|ARM.ActiveCfg = Debug|Any CPU
		{318A4872-5766-490B-89AF-5654D203D65D}.Debug|ARM.Build.0 = Debug|Any CPU
		{318A4872-5766-490B-89AF-5654D203D65D}.Debug|iPhone.ActiveCfg = Debug|Any CPU
		{318A4872-5766-490B-89AF-5654D203D65D}.Debug|iPhone.Build.0 = Debug|Any CPU
		{318A4872-5766-490B-89AF-5654D203D65D}.Debug|iPhoneSimulator.ActiveCfg = Debug|Any CPU
		{318A4872-5766-490B-89AF-5654D203D65D}.Debug|iPhoneSimulator.Build.0 = Debug|Any CPU
		{318A4872-5766-490B-89AF-5654D203D65D}.Debug|Mixed Platforms.ActiveCfg = Debug|Any CPU
		{318A4872-5766-490B-89AF-5654D203D65D}.Debug|Mixed Platforms.Build.0 = Debug|Any CPU
		{318A4872-5766-490B-89AF-5654D203D65D}.Debug|x64.ActiveCfg = Debug|Any CPU
		{318A4872-5766-490B-89AF-5654D203D65D}.Debug|x64.Build.0 = Debug|Any CPU
		{318A4872-5766-490B-89AF-5654D203D65D}.Debug|x86.ActiveCfg = Debug|Any CPU
		{318A4872-5766-490B-89AF-5654D203D65D}.Debug|x86.Build.0 = Debug|Any CPU
		{318A4872-5766-490B-89AF-5654D203D65D}.Release|Any CPU.ActiveCfg = Release|Any CPU
		{318A4872-5766-490B-89AF-5654D203D65D}.Release|Any CPU.Build.0 = Release|Any CPU
		{318A4872-5766-490B-89AF-5654D203D65D}.Release|ARM.ActiveCfg = Release|Any CPU
		{318A4872-5766-490B-89AF-5654D203D65D}.Release|ARM.Build.0 = Release|Any CPU
		{318A4872-5766-490B-89AF-5654D203D65D}.Release|iPhone.ActiveCfg = Release|Any CPU
		{318A4872-5766-490B-89AF-5654D203D65D}.Release|iPhone.Build.0 = Release|Any CPU
		{318A4872-5766-490B-89AF-5654D203D65D}.Release|iPhoneSimulator.ActiveCfg = Release|Any CPU
		{318A4872-5766-490B-89AF-5654D203D65D}.Release|iPhoneSimulator.Build.0 = Release|Any CPU
		{318A4872-5766-490B-89AF-5654D203D65D}.Release|Mixed Platforms.ActiveCfg = Release|Any CPU
		{318A4872-5766-490B-89AF-5654D203D65D}.Release|Mixed Platforms.Build.0 = Release|Any CPU
		{318A4872-5766-490B-89AF-5654D203D65D}.Release|x64.ActiveCfg = Release|Any CPU
		{318A4872-5766-490B-89AF-5654D203D65D}.Release|x64.Build.0 = Release|Any CPU
		{318A4872-5766-490B-89AF-5654D203D65D}.Release|x86.ActiveCfg = Release|Any CPU
		{318A4872-5766-490B-89AF-5654D203D65D}.Release|x86.Build.0 = Release|Any CPU
		{5C7EFE40-BB10-4EC8-A4FC-6D5944413F9F}.Ad-Hoc|Any CPU.ActiveCfg = Release|Any CPU
		{5C7EFE40-BB10-4EC8-A4FC-6D5944413F9F}.Ad-Hoc|Any CPU.Build.0 = Release|Any CPU
		{5C7EFE40-BB10-4EC8-A4FC-6D5944413F9F}.Ad-Hoc|ARM.ActiveCfg = Release|Any CPU
		{5C7EFE40-BB10-4EC8-A4FC-6D5944413F9F}.Ad-Hoc|ARM.Build.0 = Release|Any CPU
		{5C7EFE40-BB10-4EC8-A4FC-6D5944413F9F}.Ad-Hoc|iPhone.ActiveCfg = Release|Any CPU
		{5C7EFE40-BB10-4EC8-A4FC-6D5944413F9F}.Ad-Hoc|iPhone.Build.0 = Release|Any CPU
		{5C7EFE40-BB10-4EC8-A4FC-6D5944413F9F}.Ad-Hoc|iPhoneSimulator.ActiveCfg = Release|Any CPU
		{5C7EFE40-BB10-4EC8-A4FC-6D5944413F9F}.Ad-Hoc|iPhoneSimulator.Build.0 = Release|Any CPU
		{5C7EFE40-BB10-4EC8-A4FC-6D5944413F9F}.Ad-Hoc|Mixed Platforms.ActiveCfg = Release|Any CPU
		{5C7EFE40-BB10-4EC8-A4FC-6D5944413F9F}.Ad-Hoc|Mixed Platforms.Build.0 = Release|Any CPU
		{5C7EFE40-BB10-4EC8-A4FC-6D5944413F9F}.Ad-Hoc|x64.ActiveCfg = Release|Any CPU
		{5C7EFE40-BB10-4EC8-A4FC-6D5944413F9F}.Ad-Hoc|x64.Build.0 = Release|Any CPU
		{5C7EFE40-BB10-4EC8-A4FC-6D5944413F9F}.Ad-Hoc|x86.ActiveCfg = Release|Any CPU
		{5C7EFE40-BB10-4EC8-A4FC-6D5944413F9F}.Ad-Hoc|x86.Build.0 = Release|Any CPU
		{5C7EFE40-BB10-4EC8-A4FC-6D5944413F9F}.AppStore|Any CPU.ActiveCfg = Release|Any CPU
		{5C7EFE40-BB10-4EC8-A4FC-6D5944413F9F}.AppStore|Any CPU.Build.0 = Release|Any CPU
		{5C7EFE40-BB10-4EC8-A4FC-6D5944413F9F}.AppStore|ARM.ActiveCfg = Release|Any CPU
		{5C7EFE40-BB10-4EC8-A4FC-6D5944413F9F}.AppStore|ARM.Build.0 = Release|Any CPU
		{5C7EFE40-BB10-4EC8-A4FC-6D5944413F9F}.AppStore|iPhone.ActiveCfg = Release|Any CPU
		{5C7EFE40-BB10-4EC8-A4FC-6D5944413F9F}.AppStore|iPhone.Build.0 = Release|Any CPU
		{5C7EFE40-BB10-4EC8-A4FC-6D5944413F9F}.AppStore|iPhoneSimulator.ActiveCfg = Release|Any CPU
		{5C7EFE40-BB10-4EC8-A4FC-6D5944413F9F}.AppStore|iPhoneSimulator.Build.0 = Release|Any CPU
		{5C7EFE40-BB10-4EC8-A4FC-6D5944413F9F}.AppStore|Mixed Platforms.ActiveCfg = Release|Any CPU
		{5C7EFE40-BB10-4EC8-A4FC-6D5944413F9F}.AppStore|Mixed Platforms.Build.0 = Release|Any CPU
		{5C7EFE40-BB10-4EC8-A4FC-6D5944413F9F}.AppStore|x64.ActiveCfg = Release|Any CPU
		{5C7EFE40-BB10-4EC8-A4FC-6D5944413F9F}.AppStore|x64.Build.0 = Release|Any CPU
		{5C7EFE40-BB10-4EC8-A4FC-6D5944413F9F}.AppStore|x86.ActiveCfg = Release|Any CPU
		{5C7EFE40-BB10-4EC8-A4FC-6D5944413F9F}.AppStore|x86.Build.0 = Release|Any CPU
		{5C7EFE40-BB10-4EC8-A4FC-6D5944413F9F}.Debug|Any CPU.ActiveCfg = Debug|Any CPU
		{5C7EFE40-BB10-4EC8-A4FC-6D5944413F9F}.Debug|Any CPU.Build.0 = Debug|Any CPU
		{5C7EFE40-BB10-4EC8-A4FC-6D5944413F9F}.Debug|ARM.ActiveCfg = Debug|Any CPU
		{5C7EFE40-BB10-4EC8-A4FC-6D5944413F9F}.Debug|ARM.Build.0 = Debug|Any CPU
		{5C7EFE40-BB10-4EC8-A4FC-6D5944413F9F}.Debug|iPhone.ActiveCfg = Debug|Any CPU
		{5C7EFE40-BB10-4EC8-A4FC-6D5944413F9F}.Debug|iPhone.Build.0 = Debug|Any CPU
		{5C7EFE40-BB10-4EC8-A4FC-6D5944413F9F}.Debug|iPhoneSimulator.ActiveCfg = Debug|Any CPU
		{5C7EFE40-BB10-4EC8-A4FC-6D5944413F9F}.Debug|iPhoneSimulator.Build.0 = Debug|Any CPU
		{5C7EFE40-BB10-4EC8-A4FC-6D5944413F9F}.Debug|Mixed Platforms.ActiveCfg = Debug|Any CPU
		{5C7EFE40-BB10-4EC8-A4FC-6D5944413F9F}.Debug|Mixed Platforms.Build.0 = Debug|Any CPU
		{5C7EFE40-BB10-4EC8-A4FC-6D5944413F9F}.Debug|x64.ActiveCfg = Debug|Any CPU
		{5C7EFE40-BB10-4EC8-A4FC-6D5944413F9F}.Debug|x64.Build.0 = Debug|Any CPU
		{5C7EFE40-BB10-4EC8-A4FC-6D5944413F9F}.Debug|x86.ActiveCfg = Debug|Any CPU
		{5C7EFE40-BB10-4EC8-A4FC-6D5944413F9F}.Debug|x86.Build.0 = Debug|Any CPU
		{5C7EFE40-BB10-4EC8-A4FC-6D5944413F9F}.Release|Any CPU.ActiveCfg = Release|Any CPU
		{5C7EFE40-BB10-4EC8-A4FC-6D5944413F9F}.Release|Any CPU.Build.0 = Release|Any CPU
		{5C7EFE40-BB10-4EC8-A4FC-6D5944413F9F}.Release|ARM.ActiveCfg = Release|Any CPU
		{5C7EFE40-BB10-4EC8-A4FC-6D5944413F9F}.Release|ARM.Build.0 = Release|Any CPU
		{5C7EFE40-BB10-4EC8-A4FC-6D5944413F9F}.Release|iPhone.ActiveCfg = Release|Any CPU
		{5C7EFE40-BB10-4EC8-A4FC-6D5944413F9F}.Release|iPhone.Build.0 = Release|Any CPU
		{5C7EFE40-BB10-4EC8-A4FC-6D5944413F9F}.Release|iPhoneSimulator.ActiveCfg = Release|Any CPU
		{5C7EFE40-BB10-4EC8-A4FC-6D5944413F9F}.Release|iPhoneSimulator.Build.0 = Release|Any CPU
		{5C7EFE40-BB10-4EC8-A4FC-6D5944413F9F}.Release|Mixed Platforms.ActiveCfg = Release|Any CPU
		{5C7EFE40-BB10-4EC8-A4FC-6D5944413F9F}.Release|Mixed Platforms.Build.0 = Release|Any CPU
		{5C7EFE40-BB10-4EC8-A4FC-6D5944413F9F}.Release|x64.ActiveCfg = Release|Any CPU
		{5C7EFE40-BB10-4EC8-A4FC-6D5944413F9F}.Release|x64.Build.0 = Release|Any CPU
		{5C7EFE40-BB10-4EC8-A4FC-6D5944413F9F}.Release|x86.ActiveCfg = Release|Any CPU
		{5C7EFE40-BB10-4EC8-A4FC-6D5944413F9F}.Release|x86.Build.0 = Release|Any CPU
		{882851CD-032A-4EB3-AF8D-96D658F9DF19}.Ad-Hoc|Any CPU.ActiveCfg = Debug|iPhoneSimulator
		{882851CD-032A-4EB3-AF8D-96D658F9DF19}.Ad-Hoc|Any CPU.Build.0 = Debug|iPhoneSimulator
		{882851CD-032A-4EB3-AF8D-96D658F9DF19}.Ad-Hoc|ARM.ActiveCfg = Debug|iPhoneSimulator
		{882851CD-032A-4EB3-AF8D-96D658F9DF19}.Ad-Hoc|ARM.Build.0 = Debug|iPhoneSimulator
		{882851CD-032A-4EB3-AF8D-96D658F9DF19}.Ad-Hoc|iPhone.ActiveCfg = Release|iPhone
		{882851CD-032A-4EB3-AF8D-96D658F9DF19}.Ad-Hoc|iPhone.Build.0 = Release|iPhone
		{882851CD-032A-4EB3-AF8D-96D658F9DF19}.Ad-Hoc|iPhoneSimulator.ActiveCfg = Debug|iPhoneSimulator
		{882851CD-032A-4EB3-AF8D-96D658F9DF19}.Ad-Hoc|iPhoneSimulator.Build.0 = Debug|iPhoneSimulator
		{882851CD-032A-4EB3-AF8D-96D658F9DF19}.Ad-Hoc|Mixed Platforms.ActiveCfg = Debug|iPhoneSimulator
		{882851CD-032A-4EB3-AF8D-96D658F9DF19}.Ad-Hoc|Mixed Platforms.Build.0 = Debug|iPhoneSimulator
		{882851CD-032A-4EB3-AF8D-96D658F9DF19}.Ad-Hoc|x64.ActiveCfg = Debug|iPhoneSimulator
		{882851CD-032A-4EB3-AF8D-96D658F9DF19}.Ad-Hoc|x64.Build.0 = Debug|iPhoneSimulator
		{882851CD-032A-4EB3-AF8D-96D658F9DF19}.Ad-Hoc|x86.ActiveCfg = Debug|iPhoneSimulator
		{882851CD-032A-4EB3-AF8D-96D658F9DF19}.Ad-Hoc|x86.Build.0 = Debug|iPhoneSimulator
		{882851CD-032A-4EB3-AF8D-96D658F9DF19}.AppStore|Any CPU.ActiveCfg = Debug|iPhoneSimulator
		{882851CD-032A-4EB3-AF8D-96D658F9DF19}.AppStore|Any CPU.Build.0 = Debug|iPhoneSimulator
		{882851CD-032A-4EB3-AF8D-96D658F9DF19}.AppStore|ARM.ActiveCfg = Debug|iPhoneSimulator
		{882851CD-032A-4EB3-AF8D-96D658F9DF19}.AppStore|ARM.Build.0 = Debug|iPhoneSimulator
		{882851CD-032A-4EB3-AF8D-96D658F9DF19}.AppStore|iPhone.ActiveCfg = Release|iPhone
		{882851CD-032A-4EB3-AF8D-96D658F9DF19}.AppStore|iPhone.Build.0 = Release|iPhone
		{882851CD-032A-4EB3-AF8D-96D658F9DF19}.AppStore|iPhoneSimulator.ActiveCfg = Debug|iPhoneSimulator
		{882851CD-032A-4EB3-AF8D-96D658F9DF19}.AppStore|iPhoneSimulator.Build.0 = Debug|iPhoneSimulator
		{882851CD-032A-4EB3-AF8D-96D658F9DF19}.AppStore|Mixed Platforms.ActiveCfg = Debug|iPhoneSimulator
		{882851CD-032A-4EB3-AF8D-96D658F9DF19}.AppStore|Mixed Platforms.Build.0 = Debug|iPhoneSimulator
		{882851CD-032A-4EB3-AF8D-96D658F9DF19}.AppStore|x64.ActiveCfg = Debug|iPhoneSimulator
		{882851CD-032A-4EB3-AF8D-96D658F9DF19}.AppStore|x64.Build.0 = Debug|iPhoneSimulator
		{882851CD-032A-4EB3-AF8D-96D658F9DF19}.AppStore|x86.ActiveCfg = Debug|iPhoneSimulator
		{882851CD-032A-4EB3-AF8D-96D658F9DF19}.AppStore|x86.Build.0 = Debug|iPhoneSimulator
		{882851CD-032A-4EB3-AF8D-96D658F9DF19}.Debug|Any CPU.ActiveCfg = Debug|iPhoneSimulator
		{882851CD-032A-4EB3-AF8D-96D658F9DF19}.Debug|Any CPU.Build.0 = Debug|iPhoneSimulator
		{882851CD-032A-4EB3-AF8D-96D658F9DF19}.Debug|ARM.ActiveCfg = Debug|iPhoneSimulator
		{882851CD-032A-4EB3-AF8D-96D658F9DF19}.Debug|ARM.Build.0 = Debug|iPhoneSimulator
		{882851CD-032A-4EB3-AF8D-96D658F9DF19}.Debug|iPhone.ActiveCfg = Debug|iPhone
		{882851CD-032A-4EB3-AF8D-96D658F9DF19}.Debug|iPhone.Build.0 = Debug|iPhone
		{882851CD-032A-4EB3-AF8D-96D658F9DF19}.Debug|iPhoneSimulator.ActiveCfg = Debug|iPhoneSimulator
		{882851CD-032A-4EB3-AF8D-96D658F9DF19}.Debug|iPhoneSimulator.Build.0 = Debug|iPhoneSimulator
		{882851CD-032A-4EB3-AF8D-96D658F9DF19}.Debug|Mixed Platforms.ActiveCfg = Debug|iPhoneSimulator
		{882851CD-032A-4EB3-AF8D-96D658F9DF19}.Debug|Mixed Platforms.Build.0 = Debug|iPhoneSimulator
		{882851CD-032A-4EB3-AF8D-96D658F9DF19}.Debug|x64.ActiveCfg = Debug|iPhoneSimulator
		{882851CD-032A-4EB3-AF8D-96D658F9DF19}.Debug|x64.Build.0 = Debug|iPhoneSimulator
		{882851CD-032A-4EB3-AF8D-96D658F9DF19}.Debug|x86.ActiveCfg = Debug|iPhoneSimulator
		{882851CD-032A-4EB3-AF8D-96D658F9DF19}.Debug|x86.Build.0 = Debug|iPhoneSimulator
		{882851CD-032A-4EB3-AF8D-96D658F9DF19}.Release|Any CPU.ActiveCfg = Release|iPhone
		{882851CD-032A-4EB3-AF8D-96D658F9DF19}.Release|Any CPU.Build.0 = Release|iPhone
		{882851CD-032A-4EB3-AF8D-96D658F9DF19}.Release|ARM.ActiveCfg = Release|iPhone
		{882851CD-032A-4EB3-AF8D-96D658F9DF19}.Release|ARM.Build.0 = Release|iPhone
		{882851CD-032A-4EB3-AF8D-96D658F9DF19}.Release|iPhone.ActiveCfg = Release|iPhone
		{882851CD-032A-4EB3-AF8D-96D658F9DF19}.Release|iPhone.Build.0 = Release|iPhone
		{882851CD-032A-4EB3-AF8D-96D658F9DF19}.Release|iPhoneSimulator.ActiveCfg = Release|iPhoneSimulator
		{882851CD-032A-4EB3-AF8D-96D658F9DF19}.Release|iPhoneSimulator.Build.0 = Release|iPhoneSimulator
		{882851CD-032A-4EB3-AF8D-96D658F9DF19}.Release|Mixed Platforms.ActiveCfg = Release|iPhone
		{882851CD-032A-4EB3-AF8D-96D658F9DF19}.Release|Mixed Platforms.Build.0 = Release|iPhone
		{882851CD-032A-4EB3-AF8D-96D658F9DF19}.Release|x64.ActiveCfg = Release|iPhone
		{882851CD-032A-4EB3-AF8D-96D658F9DF19}.Release|x64.Build.0 = Release|iPhone
		{882851CD-032A-4EB3-AF8D-96D658F9DF19}.Release|x86.ActiveCfg = Release|iPhone
		{882851CD-032A-4EB3-AF8D-96D658F9DF19}.Release|x86.Build.0 = Release|iPhone
		{89AC4D01-C747-4BE0-8579-D54D11A712DA}.Ad-Hoc|Any CPU.ActiveCfg = Release|Any CPU
		{89AC4D01-C747-4BE0-8579-D54D11A712DA}.Ad-Hoc|Any CPU.Build.0 = Release|Any CPU
		{89AC4D01-C747-4BE0-8579-D54D11A712DA}.Ad-Hoc|ARM.ActiveCfg = Release|Any CPU
		{89AC4D01-C747-4BE0-8579-D54D11A712DA}.Ad-Hoc|ARM.Build.0 = Release|Any CPU
		{89AC4D01-C747-4BE0-8579-D54D11A712DA}.Ad-Hoc|iPhone.ActiveCfg = Release|Any CPU
		{89AC4D01-C747-4BE0-8579-D54D11A712DA}.Ad-Hoc|iPhone.Build.0 = Release|Any CPU
		{89AC4D01-C747-4BE0-8579-D54D11A712DA}.Ad-Hoc|iPhoneSimulator.ActiveCfg = Release|Any CPU
		{89AC4D01-C747-4BE0-8579-D54D11A712DA}.Ad-Hoc|iPhoneSimulator.Build.0 = Release|Any CPU
		{89AC4D01-C747-4BE0-8579-D54D11A712DA}.Ad-Hoc|Mixed Platforms.ActiveCfg = Release|Any CPU
		{89AC4D01-C747-4BE0-8579-D54D11A712DA}.Ad-Hoc|Mixed Platforms.Build.0 = Release|Any CPU
		{89AC4D01-C747-4BE0-8579-D54D11A712DA}.Ad-Hoc|x64.ActiveCfg = Release|Any CPU
		{89AC4D01-C747-4BE0-8579-D54D11A712DA}.Ad-Hoc|x64.Build.0 = Release|Any CPU
		{89AC4D01-C747-4BE0-8579-D54D11A712DA}.Ad-Hoc|x86.ActiveCfg = Release|Any CPU
		{89AC4D01-C747-4BE0-8579-D54D11A712DA}.Ad-Hoc|x86.Build.0 = Release|Any CPU
		{89AC4D01-C747-4BE0-8579-D54D11A712DA}.AppStore|Any CPU.ActiveCfg = Release|Any CPU
		{89AC4D01-C747-4BE0-8579-D54D11A712DA}.AppStore|Any CPU.Build.0 = Release|Any CPU
		{89AC4D01-C747-4BE0-8579-D54D11A712DA}.AppStore|ARM.ActiveCfg = Release|Any CPU
		{89AC4D01-C747-4BE0-8579-D54D11A712DA}.AppStore|ARM.Build.0 = Release|Any CPU
		{89AC4D01-C747-4BE0-8579-D54D11A712DA}.AppStore|iPhone.ActiveCfg = Release|Any CPU
		{89AC4D01-C747-4BE0-8579-D54D11A712DA}.AppStore|iPhone.Build.0 = Release|Any CPU
		{89AC4D01-C747-4BE0-8579-D54D11A712DA}.AppStore|iPhoneSimulator.ActiveCfg = Release|Any CPU
		{89AC4D01-C747-4BE0-8579-D54D11A712DA}.AppStore|iPhoneSimulator.Build.0 = Release|Any CPU
		{89AC4D01-C747-4BE0-8579-D54D11A712DA}.AppStore|Mixed Platforms.ActiveCfg = Release|Any CPU
		{89AC4D01-C747-4BE0-8579-D54D11A712DA}.AppStore|Mixed Platforms.Build.0 = Release|Any CPU
		{89AC4D01-C747-4BE0-8579-D54D11A712DA}.AppStore|x64.ActiveCfg = Release|Any CPU
		{89AC4D01-C747-4BE0-8579-D54D11A712DA}.AppStore|x64.Build.0 = Release|Any CPU
		{89AC4D01-C747-4BE0-8579-D54D11A712DA}.AppStore|x86.ActiveCfg = Release|Any CPU
		{89AC4D01-C747-4BE0-8579-D54D11A712DA}.AppStore|x86.Build.0 = Release|Any CPU
		{89AC4D01-C747-4BE0-8579-D54D11A712DA}.Debug|Any CPU.ActiveCfg = Debug|Any CPU
		{89AC4D01-C747-4BE0-8579-D54D11A712DA}.Debug|Any CPU.Build.0 = Debug|Any CPU
		{89AC4D01-C747-4BE0-8579-D54D11A712DA}.Debug|ARM.ActiveCfg = Debug|Any CPU
		{89AC4D01-C747-4BE0-8579-D54D11A712DA}.Debug|ARM.Build.0 = Debug|Any CPU
		{89AC4D01-C747-4BE0-8579-D54D11A712DA}.Debug|iPhone.ActiveCfg = Debug|Any CPU
		{89AC4D01-C747-4BE0-8579-D54D11A712DA}.Debug|iPhone.Build.0 = Debug|Any CPU
		{89AC4D01-C747-4BE0-8579-D54D11A712DA}.Debug|iPhoneSimulator.ActiveCfg = Debug|Any CPU
		{89AC4D01-C747-4BE0-8579-D54D11A712DA}.Debug|iPhoneSimulator.Build.0 = Debug|Any CPU
		{89AC4D01-C747-4BE0-8579-D54D11A712DA}.Debug|Mixed Platforms.ActiveCfg = Debug|Any CPU
		{89AC4D01-C747-4BE0-8579-D54D11A712DA}.Debug|Mixed Platforms.Build.0 = Debug|Any CPU
		{89AC4D01-C747-4BE0-8579-D54D11A712DA}.Debug|x64.ActiveCfg = Debug|Any CPU
		{89AC4D01-C747-4BE0-8579-D54D11A712DA}.Debug|x64.Build.0 = Debug|Any CPU
		{89AC4D01-C747-4BE0-8579-D54D11A712DA}.Debug|x86.ActiveCfg = Debug|Any CPU
		{89AC4D01-C747-4BE0-8579-D54D11A712DA}.Debug|x86.Build.0 = Debug|Any CPU
		{89AC4D01-C747-4BE0-8579-D54D11A712DA}.Release|Any CPU.ActiveCfg = Release|Any CPU
		{89AC4D01-C747-4BE0-8579-D54D11A712DA}.Release|Any CPU.Build.0 = Release|Any CPU
		{89AC4D01-C747-4BE0-8579-D54D11A712DA}.Release|ARM.ActiveCfg = Release|Any CPU
		{89AC4D01-C747-4BE0-8579-D54D11A712DA}.Release|ARM.Build.0 = Release|Any CPU
		{89AC4D01-C747-4BE0-8579-D54D11A712DA}.Release|iPhone.ActiveCfg = Release|Any CPU
		{89AC4D01-C747-4BE0-8579-D54D11A712DA}.Release|iPhone.Build.0 = Release|Any CPU
		{89AC4D01-C747-4BE0-8579-D54D11A712DA}.Release|iPhoneSimulator.ActiveCfg = Release|Any CPU
		{89AC4D01-C747-4BE0-8579-D54D11A712DA}.Release|iPhoneSimulator.Build.0 = Release|Any CPU
		{89AC4D01-C747-4BE0-8579-D54D11A712DA}.Release|Mixed Platforms.ActiveCfg = Release|Any CPU
		{89AC4D01-C747-4BE0-8579-D54D11A712DA}.Release|Mixed Platforms.Build.0 = Release|Any CPU
		{89AC4D01-C747-4BE0-8579-D54D11A712DA}.Release|x64.ActiveCfg = Release|Any CPU
		{89AC4D01-C747-4BE0-8579-D54D11A712DA}.Release|x64.Build.0 = Release|Any CPU
		{89AC4D01-C747-4BE0-8579-D54D11A712DA}.Release|x86.ActiveCfg = Release|Any CPU
		{89AC4D01-C747-4BE0-8579-D54D11A712DA}.Release|x86.Build.0 = Release|Any CPU
	EndGlobalSection
	GlobalSection(NestedProjects) = preSolution
		{89AC4D01-C747-4BE0-8579-D54D11A712DA} = {59584026-7610-4CD5-A74E-D2B0A2E1CE87}
		{5C7EFE40-BB10-4EC8-A4FC-6D5944413F9F} = {59584026-7610-4CD5-A74E-D2B0A2E1CE87}
		{2DE7927C-D3D2-4D64-94D5-3BA32C127881} = {0C4021EF-617B-4620-ADD3-A702B4F9FA86}
		{882851CD-032A-4EB3-AF8D-96D658F9DF19} = {0C4021EF-617B-4620-ADD3-A702B4F9FA86}
	EndGlobalSection
	GlobalSection(SolutionProperties) = preSolution
		HideSolutionNode = FALSE
	EndGlobalSection
EndGlobal
